{
  "name": "headless-game-engine",
  "version": "0.0.1",
  "lockfileVersion": 3,
  "requires": true,
  "packages": {
    "": {
      "name": "headless-game-engine",
      "version": "0.0.1",
      "license": "MIT",
      "dependencies": {
        "@headless-game-engine/core": "^0.0.1"
      }
    },
    "node_modules/@headless-game-engine/core": {
      "version": "0.0.1",
      "resolved": "https://registry.npmjs.org/@headless-game-engine/core/-/core-0.0.1.tgz",
      "integrity": "sha512-ajd81IsOTmXk5hfAf1g28OwP2WtRhAIBeHpbJF3wXsZ5jCmRJkRds6ZxmM9FWB4vLBEorSh51Knb1z/mCW95OA=="
    }
  }
}
